// !$*UTF8*$!
{
	archiveVersion = 1;
	classes = {
	};
	objectVersion = 50;
	objects = {

/* Begin PBXBuildFile section */
		DDD3F2EF26AC3C2400FD547A /* AppDelegate.swift in Sources */ = {isa = PBXBuildFile; fileRef = DDD3F2EE26AC3C2400FD547A /* AppDelegate.swift */; };
		DDD3F2F126AC3C2400FD547A /* SceneDelegate.swift in Sources */ = {isa = PBXBuildFile; fileRef = DDD3F2F026AC3C2400FD547A /* SceneDelegate.swift */; };
		DDD3F2F326AC3C2400FD547A /* ViewController.swift in Sources */ = {isa = PBXBuildFile; fileRef = DDD3F2F226AC3C2400FD547A /* ViewController.swift */; };
		DDD3F2F626AC3C2400FD547A /* Main.storyboard in Resources */ = {isa = PBXBuildFile; fileRef = DDD3F2F426AC3C2400FD547A /* Main.storyboard */; };
		DDD3F2F826AC3C2500FD547A /* Assets.xcassets in Resources */ = {isa = PBXBuildFile; fileRef = DDD3F2F726AC3C2500FD547A /* Assets.xcassets */; };
		DDD3F2FB26AC3C2500FD547A /* LaunchScreen.storyboard in Resources */ = {isa = PBXBuildFile; fileRef = DDD3F2F926AC3C2500FD547A /* LaunchScreen.storyboard */; };
/* End PBXBuildFile section */

/* Begin PBXFileReference section */
		DDD3F2EB26AC3C2400FD547A /* Apple-Weather.app */ = {isa = PBXFileReference; explicitFileType = wrapper.application; includeInIndex = 0; path = "Apple-Weather.app"; sourceTree = BUILT_PRODUCTS_DIR; };
		DDD3F2EE26AC3C2400FD547A /* AppDelegate.swift */ = {isa = PBXFileReference; lastKnownFileType = sourcecode.swift; path = AppDelegate.swift; sourceTree = "<group>"; };
		DDD3F2F026AC3C2400FD547A /* SceneDelegate.swift */ = {isa = PBXFileReference; lastKnownFileType = sourcecode.swift; path = SceneDelegate.swift; sourceTree = "<group>"; };
		DDD3F2F226AC3C2400FD547A /* ViewController.swift */ = {isa = PBXFileReference; lastKnownFileType = sourcecode.swift; path = ViewController.swift; sourceTree = "<group>"; };
		DDD3F2F526AC3C2400FD547A /* Base */ = {isa = PBXFileReference; lastKnownFileType = file.storyboard; name = Base; path = Base.lproj/Main.storyboard; sourceTree = "<group>"; };
		DDD3F2F726AC3C2500FD547A /* Assets.xcassets */ = {isa = PBXFileReference; lastKnownFileType = folder.assetcatalog; path = Assets.xcassets; sourceTree = "<group>"; };
		DDD3F2FA26AC3C2500FD547A /* Base */ = {isa = PBXFileReference; lastKnownFileType = file.storyboard; name = Base; path = Base.lproj/LaunchScreen.storyboard; sourceTree = "<group>"; };
		DDD3F2FC26AC3C2500FD547A /* Info.plist */ = {isa = PBXFileReference; lastKnownFileType = text.plist.xml; path = Info.plist; sourceTree = "<group>"; };
/* End PBXFileReference section */

/* Begin PBXFrameworksBuildPhase section */
		DDD3F2E826AC3C2400FD547A /* Frameworks */ = {
			isa = PBXFrameworksBuildPhase;
			buildActionMask = 2147483647;
			files = (
			);
			runOnlyForDeploymentPostprocessing = 0;
		};
/* End PBXFrameworksBuildPhase section */

/* Begin PBXGroup section */
		DDD3F2E226AC3C2400FD547A = {
			isa = PBXGroup;
			children = (
				DDD3F2ED26AC3C2400FD547A /* Apple-Weather */,
				DDD3F2EC26AC3C2400FD547A /* Products */,
			);
			sourceTree = "<group>";
		};
		DDD3F2EC26AC3C2400FD547A /* Products */ = {
			isa = PBXGroup;
			children = (
				DDD3F2EB26AC3C2400FD547A /* Apple-Weather.app */,
			);
			name = Products;
			sourceTree = "<group>";
		};
		DDD3F2ED26AC3C2400FD547A /* Apple-Weather */ = {
			isa = PBXGroup;
			children = (
				DDD3F30526AC3C9300FD547A /* Resources */,
				DDD3F30426AC3C8C00FD547A /* Sources */,
			);
			path = "Apple-Weather";
			sourceTree = "<group>";
		};
		DDD3F30426AC3C8C00FD547A /* Sources */ = {
			isa = PBXGroup;
			children = (
				DDD3F30826AC3CF200FD547A /* ViewControllers */,
				DDD3F2EE26AC3C2400FD547A /* AppDelegate.swift */,
				DDD3F2F026AC3C2400FD547A /* SceneDelegate.swift */,
			);
			path = Sources;
			sourceTree = "<group>";
		};
		DDD3F30526AC3C9300FD547A /* Resources */ = {
			isa = PBXGroup;
			children = (
				DDD3F30726AC3CDB00FD547A /* Storyboards */,
				DDD3F2F726AC3C2500FD547A /* Assets.xcassets */,
				DDD3F2FC26AC3C2500FD547A /* Info.plist */,
			);
			path = Resources;
			sourceTree = "<group>";
		};
		DDD3F30726AC3CDB00FD547A /* Storyboards */ = {
			isa = PBXGroup;
			children = (
				DDD3F2F426AC3C2400FD547A /* Main.storyboard */,
				DDD3F2F926AC3C2500FD547A /* LaunchScreen.storyboard */,
			);
			path = Storyboards;
			sourceTree = "<group>";
		};
		DDD3F30826AC3CF200FD547A /* ViewControllers */ = {
			isa = PBXGroup;
			children = (
				DDD3F2F226AC3C2400FD547A /* ViewController.swift */,
			);
			path = ViewControllers;
			sourceTree = "<group>";
		};
/* End PBXGroup section */

/* Begin PBXNativeTarget section */
		DDD3F2EA26AC3C2400FD547A /* Apple-Weather */ = {
			isa = PBXNativeTarget;
			buildConfigurationList = DDD3F2FF26AC3C2500FD547A /* Build configuration list for PBXNativeTarget "Apple-Weather" */;
			buildPhases = (
				DDD3F2E726AC3C2400FD547A /* Sources */,
				DDD3F2E826AC3C2400FD547A /* Frameworks */,
				DDD3F2E926AC3C2400FD547A /* Resources */,
			);
			buildRules = (
			);
			dependencies = (
			);
			name = "Apple-Weather";
			productName = "Apple-Weather";
			productReference = DDD3F2EB26AC3C2400FD547A /* Apple-Weather.app */;
			productType = "com.apple.product-type.application";
		};
/* End PBXNativeTarget section */

/* Begin PBXProject section */
		DDD3F2E326AC3C2400FD547A /* Project object */ = {
			isa = PBXProject;
			attributes = {
				LastSwiftUpdateCheck = 1250;
				LastUpgradeCheck = 1250;
				TargetAttributes = {
					DDD3F2EA26AC3C2400FD547A = {
						CreatedOnToolsVersion = 12.5.1;
					};
				};
			};
			buildConfigurationList = DDD3F2E626AC3C2400FD547A /* Build configuration list for PBXProject "Apple-Weather" */;
			compatibilityVersion = "Xcode 9.3";
			developmentRegion = en;
			hasScannedForEncodings = 0;
			knownRegions = (
				en,
				Base,
			);
			mainGroup = DDD3F2E226AC3C2400FD547A;
			productRefGroup = DDD3F2EC26AC3C2400FD547A /* Products */;
			projectDirPath = "";
			projectRoot = "";
			targets = (
				DDD3F2EA26AC3C2400FD547A /* Apple-Weather */,
			);
		};
/* End PBXProject section */

/* Begin PBXResourcesBuildPhase section */
		DDD3F2E926AC3C2400FD547A /* Resources */ = {
			isa = PBXResourcesBuildPhase;
			buildActionMask = 2147483647;
			files = (
				DDD3F2FB26AC3C2500FD547A /* LaunchScreen.storyboard in Resources */,
				DDD3F2F826AC3C2500FD547A /* Assets.xcassets in Resources */,
				DDD3F2F626AC3C2400FD547A /* Main.storyboard in Resources */,
			);
			runOnlyForDeploymentPostprocessing = 0;
		};
/* End PBXResourcesBuildPhase section */

/* Begin PBXSourcesBuildPhase section */
		DDD3F2E726AC3C2400FD547A /* Sources */ = {
			isa = PBXSourcesBuildPhase;
			buildActionMask = 2147483647;
			files = (
				DDD3F2F326AC3C2400FD547A /* ViewController.swift in Sources */,
				DDD3F2EF26AC3C2400FD547A /* AppDelegate.swift in Sources */,
				DDD3F2F126AC3C2400FD547A /* SceneDelegate.swift in Sources */,
			);
			runOnlyForDeploymentPostprocessing = 0;
		};
/* End PBXSourcesBuildPhase section */

/* Begin PBXVariantGroup section */
		DDD3F2F426AC3C2400FD547A /* Main.storyboard */ = {
			isa = PBXVariantGroup;
			children = (
				DDD3F2F526AC3C2400FD547A /* Base */,
			);
			name = Main.storyboard;
			sourceTree = "<group>";
		};
		DDD3F2F926AC3C2500FD547A /* LaunchScreen.storyboard */ = {
			isa = PBXVariantGroup;
			children = (
				DDD3F2FA26AC3C2500FD547A /* Base */,
			);
			name = LaunchScreen.storyboard;
			sourceTree = "<group>";
		};
/* End PBXVariantGroup section */

/* Begin XCBuildConfiguration section */
		DDD3F2FD26AC3C2500FD547A /* Debug */ = {
			isa = XCBuildConfiguration;
			buildSettings = {
				ALWAYS_SEARCH_USER_PATHS = NO;
				CLANG_ANALYZER_NONNULL = YES;
				CLANG_ANALYZER_NUMBER_OBJECT_CONVERSION = YES_AGGRESSIVE;
				CLANG_CXX_LANGUAGE_STANDARD = "gnu++14";
				CLANG_CXX_LIBRARY = "libc++";
				CLANG_ENABLE_MODULES = YES;
				CLANG_ENABLE_OBJC_ARC = YES;
				CLANG_ENABLE_OBJC_WEAK = YES;
				CLANG_WARN_BLOCK_CAPTURE_AUTORELEASING = YES;
				CLANG_WARN_BOOL_CONVERSION = YES;
				CLANG_WARN_COMMA = YES;
				CLANG_WARN_CONSTANT_CONVERSION = YES;
				CLANG_WARN_DEPRECATED_OBJC_IMPLEMENTATIONS = YES;
				CLANG_WARN_DIRECT_OBJC_ISA_USAGE = YES_ERROR;
				CLANG_WARN_DOCUMENTATION_COMMENTS = YES;
				CLANG_WARN_EMPTY_BODY = YES;
				CLANG_WARN_ENUM_CONVERSION = YES;
				CLANG_WARN_INFINITE_RECURSION = YES;
				CLANG_WARN_INT_CONVERSION = YES;
				CLANG_WARN_NON_LITERAL_NULL_CONVERSION = YES;
				CLANG_WARN_OBJC_IMPLICIT_RETAIN_SELF = YES;
				CLANG_WARN_OBJC_LITERAL_CONVERSION = YES;
				CLANG_WARN_OBJC_ROOT_CLASS = YES_ERROR;
				CLANG_WARN_QUOTED_INCLUDE_IN_FRAMEWORK_HEADER = YES;
				CLANG_WARN_RANGE_LOOP_ANALYSIS = YES;
				CLANG_WARN_STRICT_PROTOTYPES = YES;
				CLANG_WARN_SUSPICIOUS_MOVE = YES;
				CLANG_WARN_UNGUARDED_AVAILABILITY = YES_AGGRESSIVE;
				CLANG_WARN_UNREACHABLE_CODE = YES;
				CLANG_WARN__DUPLICATE_METHOD_MATCH = YES;
				COPY_PHASE_STRIP = NO;
				DEBUG_INFORMATION_FORMAT = dwarf;
				ENABLE_STRICT_OBJC_MSGSEND = YES;
				ENABLE_TESTABILITY = YES;
				GCC_C_LANGUAGE_STANDARD = gnu11;
				GCC_DYNAMIC_NO_PIC = NO;
				GCC_NO_COMMON_BLOCKS = YES;
				GCC_OPTIMIZATION_LEVEL = 0;
				GCC_PREPROCESSOR_DEFINITIONS = (
					"DEBUG=1",
					"$(inherited)",
				);
				GCC_WARN_64_TO_32_BIT_CONVERSION = YES;
				GCC_WARN_ABOUT_RETURN_TYPE = YES_ERROR;
				GCC_WARN_UNDECLARED_SELECTOR = YES;
				GCC_WARN_UNINITIALIZED_AUTOS = YES_AGGRESSIVE;
				GCC_WARN_UNUSED_FUNCTION = YES;
				GCC_WARN_UNUSED_VARIABLE = YES;
				IPHONEOS_DEPLOYMENT_TARGET = 14.5;
				MTL_ENABLE_DEBUG_INFO = INCLUDE_SOURCE;
				MTL_FAST_MATH = YES;
				ONLY_ACTIVE_ARCH = YES;
				SDKROOT = iphoneos;
				SWIFT_ACTIVE_COMPILATION_CONDITIONS = DEBUG;
				SWIFT_OPTIMIZATION_LEVEL = "-Onone";
			};
			name = Debug;
		};
		DDD3F2FE26AC3C2500FD547A /* Release */ = {
			isa = XCBuildConfiguration;
			buildSettings = {
				ALWAYS_SEARCH_USER_PATHS = NO;
				CLANG_ANALYZER_NONNULL = YES;
				CLANG_ANALYZER_NUMBER_OBJECT_CONVERSION = YES_AGGRESSIVE;
				CLANG_CXX_LANGUAGE_STANDARD = "gnu++14";
				CLANG_CXX_LIBRARY = "libc++";
				CLANG_ENABLE_MODULES = YES;
				CLANG_ENABLE_OBJC_ARC = YES;
				CLANG_ENABLE_OBJC_WEAK = YES;
				CLANG_WARN_BLOCK_CAPTURE_AUTORELEASING = YES;
				CLANG_WARN_BOOL_CONVERSION = YES;
				CLANG_WARN_COMMA = YES;
				CLANG_WARN_CONSTANT_CONVERSION = YES;
				CLANG_WARN_DEPRECATED_OBJC_IMPLEMENTATIONS = YES;
				CLANG_WARN_DIRECT_OBJC_ISA_USAGE = YES_ERROR;
				CLANG_WARN_DOCUMENTATION_COMMENTS = YES;
				CLANG_WARN_EMPTY_BODY = YES;
				CLANG_WARN_ENUM_CONVERSION = YES;
				CLANG_WARN_INFINITE_RECURSION = YES;
				CLANG_WARN_INT_CONVERSION = YES;
				CLANG_WARN_NON_LITERAL_NULL_CONVERSION = YES;
				CLANG_WARN_OBJC_IMPLICIT_RETAIN_SELF = YES;
				CLANG_WARN_OBJC_LITERAL_CONVERSION = YES;
				CLANG_WARN_OBJC_ROOT_CLASS = YES_ERROR;
				CLANG_WARN_QUOTED_INCLUDE_IN_FRAMEWORK_HEADER = YES;
				CLANG_WARN_RANGE_LOOP_ANALYSIS = YES;
				CLANG_WARN_STRICT_PROTOTYPES = YES;
				CLANG_WARN_SUSPICIOUS_MOVE = YES;
				CLANG_WARN_UNGUARDED_AVAILABILITY = YES_AGGRESSIVE;
				CLANG_WARN_UNREACHABLE_CODE = YES;
				CLANG_WARN__DUPLICATE_METHOD_MATCH = YES;
				COPY_PHASE_STRIP = NO;
				DEBUG_INFORMATION_FORMAT = "dwarf-with-dsym";
				ENABLE_NS_ASSERTIONS = NO;
				ENABLE_STRICT_OBJC_MSGSEND = YES;
				GCC_C_LANGUAGE_STANDARD = gnu11;
				GCC_NO_COMMON_BLOCKS = YES;
				GCC_WARN_64_TO_32_BIT_CONVERSION = YES;
				GCC_WARN_ABOUT_RETURN_TYPE = YES_ERROR;
				GCC_WARN_UNDECLARED_SELECTOR = YES;
				GCC_WARN_UNINITIALIZED_AUTOS = YES_AGGRESSIVE;
				GCC_WARN_UNUSED_FUNCTION = YES;
				GCC_WARN_UNUSED_VARIABLE = YES;
				IPHONEOS_DEPLOYMENT_TARGET = 14.5;
				MTL_ENABLE_DEBUG_INFO = NO;
				MTL_FAST_MATH = YES;
				SDKROOT = iphoneos;
				SWIFT_COMPILATION_MODE = wholemodule;
				SWIFT_OPTIMIZATION_LEVEL = "-O";
				VALIDATE_PRODUCT = YES;
			};
			name = Release;
		};
		DDD3F30026AC3C2500FD547A /* Debug */ = {
			isa = XCBuildConfiguration;
			buildSettings = {
				ASSETCATALOG_COMPILER_APPICON_NAME = AppIcon;
				ASSETCATALOG_COMPILER_GLOBAL_ACCENT_COLOR_NAME = AccentColor;
				CODE_SIGN_STYLE = Automatic;
				INFOPLIST_FILE = "Apple-Weather/Resources/Info.plist";
				LD_RUNPATH_SEARCH_PATHS = (
					"$(inherited)",
					"@executable_path/Frameworks",
				);
				PRODUCT_BUNDLE_IDENTIFIER = "com.ezidayzi.Apple-Weather";
				PRODUCT_NAME = "$(TARGET_NAME)";
				SWIFT_VERSION = 5.0;
				TARGETED_DEVICE_FAMILY = "1,2";
			};
			name = Debug;
		};
		DDD3F30126AC3C2500FD547A /* Release */ = {
			isa = XCBuildConfiguration;
			buildSettings = {
				ASSETCATALOG_COMPILER_APPICON_NAME = AppIcon;
				ASSETCATALOG_COMPILER_GLOBAL_ACCENT_COLOR_NAME = AccentColor;
				CODE_SIGN_STYLE = Automatic;
				INFOPLIST_FILE = "Apple-Weather/Resources/Info.plist";
				LD_RUNPATH_SEARCH_PATHS = (
					"$(inherited)",
					"@executable_path/Frameworks",
				);
				PRODUCT_BUNDLE_IDENTIFIER = "com.ezidayzi.Apple-Weather";
				PRODUCT_NAME = "$(TARGET_NAME)";
				SWIFT_VERSION = 5.0;
				TARGETED_DEVICE_FAMILY = "1,2";
			};
			name = Release;
		};
/* End XCBuildConfiguration section */

/* Begin XCConfigurationList section */
		DDD3F2E626AC3C2400FD547A /* Build configuration list for PBXProject "Apple-Weather" */ = {
			isa = XCConfigurationList;
			buildConfigurations = (
				DDD3F2FD26AC3C2500FD547A /* Debug */,
				DDD3F2FE26AC3C2500FD547A /* Release */,
			);
			defaultConfigurationIsVisible = 0;
			defaultConfigurationName = Release;
		};
		DDD3F2FF26AC3C2500FD547A /* Build configuration list for PBXNativeTarget "Apple-Weather" */ = {
			isa = XCConfigurationList;
			buildConfigurations = (
				DDD3F30026AC3C2500FD547A /* Debug */,
				DDD3F30126AC3C2500FD547A /* Release */,
			);
			defaultConfigurationIsVisible = 0;
			defaultConfigurationName = Release;
		};
/* End XCConfigurationList section */
	};
	rootObject = DDD3F2E326AC3C2400FD547A /* Project object */;
}
