// !$*UTF8*$!
{
	archiveVersion = 1;
	classes = {
	};
	objectVersion = 51;
	objects = {

/* Begin PBXBuildFile section */
		1B36BA7A0422EDA31C237DE9 /* Pods_Apple_Weather.framework in Frameworks */ = {isa = PBXBuildFile; fileRef = A1E1FF9BB0AB0619AC55DA3A /* Pods_Apple_Weather.framework */; };
		DD56E5CE26B2839800D9F0A2 /* WeatherDetailTableViewCell.swift in Sources */ = {isa = PBXBuildFile; fileRef = DD56E5CD26B2839800D9F0A2 /* WeatherDetailTableViewCell.swift */; };
		DD56E5D026B28C0E00D9F0A2 /* WeatherDetailFooterView.swift in Sources */ = {isa = PBXBuildFile; fileRef = DD56E5CF26B28C0E00D9F0A2 /* WeatherDetailFooterView.swift */; };
		DD65D01C26B12133008BEF79 /* WeekTableViewCell.swift in Sources */ = {isa = PBXBuildFile; fileRef = DD65D01B26B12133008BEF79 /* WeekTableViewCell.swift */; };
		DD65D01E26B12223008BEF79 /* WeekWeatherTableviewCell.swift in Sources */ = {isa = PBXBuildFile; fileRef = DD65D01D26B12223008BEF79 /* WeekWeatherTableviewCell.swift */; };
		DD65D02126B1292A008BEF79 /* WeekWeatherFooterView.swift in Sources */ = {isa = PBXBuildFile; fileRef = DD65D02026B1292A008BEF79 /* WeekWeatherFooterView.swift */; };
		DD71B26C26AD31870025F6BA /* .swiftlint.yml in Resources */ = {isa = PBXBuildFile; fileRef = DD71B26B26AD31870025F6BA /* .swiftlint.yml */; };
		DD71B26F26AD3A770025F6BA /* MainViewController.swift in Sources */ = {isa = PBXBuildFile; fileRef = DD71B26E26AD3A770025F6BA /* MainViewController.swift */; };
		DD81571726AFA796000691B1 /* TemperatureTableViewCell.swift in Sources */ = {isa = PBXBuildFile; fileRef = DD81571626AFA796000691B1 /* TemperatureTableViewCell.swift */; };
		DD81571A26AFAE28000691B1 /* LocationView.swift in Sources */ = {isa = PBXBuildFile; fileRef = DD81571926AFAE28000691B1 /* LocationView.swift */; };
		DD873C3226B05A07003857A0 /* DailyWeatherCollectionViewCell.swift in Sources */ = {isa = PBXBuildFile; fileRef = DD873C3126B05A07003857A0 /* DailyWeatherCollectionViewCell.swift */; };
		DD8E69D226B300760087D736 /* TemperatureView.swift in Sources */ = {isa = PBXBuildFile; fileRef = DD8E69D126B300760087D736 /* TemperatureView.swift */; };
		DD8FD39E26AF0CBB0005D84D /* DailyWeatherHeaderView.swift in Sources */ = {isa = PBXBuildFile; fileRef = DD8FD39D26AF0CBB0005D84D /* DailyWeatherHeaderView.swift */; };
		DD8FD3A126AF0DD50005D84D /* UIView+Extension.swift in Sources */ = {isa = PBXBuildFile; fileRef = DD8FD3A026AF0DD50005D84D /* UIView+Extension.swift */; };
		DD8FD3A326AF0DFC0005D84D /* UIStackView+Extension.swift in Sources */ = {isa = PBXBuildFile; fileRef = DD8FD3A226AF0DFC0005D84D /* UIStackView+Extension.swift */; };
		DD8FD3A626AF0F8D0005D84D /* Constant.swift in Sources */ = {isa = PBXBuildFile; fileRef = DD8FD3A526AF0F8D0005D84D /* Constant.swift */; };
		DDD3F2EF26AC3C2400FD547A /* AppDelegate.swift in Sources */ = {isa = PBXBuildFile; fileRef = DDD3F2EE26AC3C2400FD547A /* AppDelegate.swift */; };
		DDD3F2F126AC3C2400FD547A /* SceneDelegate.swift in Sources */ = {isa = PBXBuildFile; fileRef = DDD3F2F026AC3C2400FD547A /* SceneDelegate.swift */; };
		DDD3F2F326AC3C2400FD547A /* MainPageViewController.swift in Sources */ = {isa = PBXBuildFile; fileRef = DDD3F2F226AC3C2400FD547A /* MainPageViewController.swift */; };
		DDD3F2F626AC3C2400FD547A /* Main.storyboard in Resources */ = {isa = PBXBuildFile; fileRef = DDD3F2F426AC3C2400FD547A /* Main.storyboard */; };
		DDD3F2F826AC3C2500FD547A /* Assets.xcassets in Resources */ = {isa = PBXBuildFile; fileRef = DDD3F2F726AC3C2500FD547A /* Assets.xcassets */; };
		DDD3F2FB26AC3C2500FD547A /* LaunchScreen.storyboard in Resources */ = {isa = PBXBuildFile; fileRef = DDD3F2F926AC3C2500FD547A /* LaunchScreen.storyboard */; };
/* End PBXBuildFile section */

/* Begin PBXFileReference section */
		1FA7461C9B7639AE3E2C2BB9 /* Pods-Apple-Weather.release.xcconfig */ = {isa = PBXFileReference; includeInIndex = 1; lastKnownFileType = text.xcconfig; name = "Pods-Apple-Weather.release.xcconfig"; path = "Target Support Files/Pods-Apple-Weather/Pods-Apple-Weather.release.xcconfig"; sourceTree = "<group>"; };
		712DC363CDEAC039A503B888 /* Pods-Apple-Weather.debug.xcconfig */ = {isa = PBXFileReference; includeInIndex = 1; lastKnownFileType = text.xcconfig; name = "Pods-Apple-Weather.debug.xcconfig"; path = "Target Support Files/Pods-Apple-Weather/Pods-Apple-Weather.debug.xcconfig"; sourceTree = "<group>"; };
		A1E1FF9BB0AB0619AC55DA3A /* Pods_Apple_Weather.framework */ = {isa = PBXFileReference; explicitFileType = wrapper.framework; includeInIndex = 0; path = Pods_Apple_Weather.framework; sourceTree = BUILT_PRODUCTS_DIR; };
		DD56E5CD26B2839800D9F0A2 /* WeatherDetailTableViewCell.swift */ = {isa = PBXFileReference; lastKnownFileType = sourcecode.swift; path = WeatherDetailTableViewCell.swift; sourceTree = "<group>"; };
		DD56E5CF26B28C0E00D9F0A2 /* WeatherDetailFooterView.swift */ = {isa = PBXFileReference; lastKnownFileType = sourcecode.swift; path = WeatherDetailFooterView.swift; sourceTree = "<group>"; };
		DD65D01B26B12133008BEF79 /* WeekTableViewCell.swift */ = {isa = PBXFileReference; lastKnownFileType = sourcecode.swift; path = WeekTableViewCell.swift; sourceTree = "<group>"; };
		DD65D01D26B12223008BEF79 /* WeekWeatherTableviewCell.swift */ = {isa = PBXFileReference; lastKnownFileType = sourcecode.swift; path = WeekWeatherTableviewCell.swift; sourceTree = "<group>"; };
		DD65D02026B1292A008BEF79 /* WeekWeatherFooterView.swift */ = {isa = PBXFileReference; lastKnownFileType = sourcecode.swift; path = WeekWeatherFooterView.swift; sourceTree = "<group>"; };
		DD71B26B26AD31870025F6BA /* .swiftlint.yml */ = {isa = PBXFileReference; lastKnownFileType = text.yaml; path = .swiftlint.yml; sourceTree = "<group>"; };
		DD71B26E26AD3A770025F6BA /* MainViewController.swift */ = {isa = PBXFileReference; lastKnownFileType = sourcecode.swift; path = MainViewController.swift; sourceTree = "<group>"; };
		DD81571626AFA796000691B1 /* TemperatureTableViewCell.swift */ = {isa = PBXFileReference; lastKnownFileType = sourcecode.swift; path = TemperatureTableViewCell.swift; sourceTree = "<group>"; };
		DD81571926AFAE28000691B1 /* LocationView.swift */ = {isa = PBXFileReference; lastKnownFileType = sourcecode.swift; path = LocationView.swift; sourceTree = "<group>"; };
		DD873C3126B05A07003857A0 /* DailyWeatherCollectionViewCell.swift */ = {isa = PBXFileReference; lastKnownFileType = sourcecode.swift; path = DailyWeatherCollectionViewCell.swift; sourceTree = "<group>"; };
		DD8E69D126B300760087D736 /* TemperatureView.swift */ = {isa = PBXFileReference; lastKnownFileType = sourcecode.swift; path = TemperatureView.swift; sourceTree = "<group>"; };
		DD8FD39D26AF0CBB0005D84D /* DailyWeatherHeaderView.swift */ = {isa = PBXFileReference; lastKnownFileType = sourcecode.swift; path = DailyWeatherHeaderView.swift; sourceTree = "<group>"; };
		DD8FD3A026AF0DD50005D84D /* UIView+Extension.swift */ = {isa = PBXFileReference; lastKnownFileType = sourcecode.swift; path = "UIView+Extension.swift"; sourceTree = "<group>"; };
		DD8FD3A226AF0DFC0005D84D /* UIStackView+Extension.swift */ = {isa = PBXFileReference; lastKnownFileType = sourcecode.swift; path = "UIStackView+Extension.swift"; sourceTree = "<group>"; };
		DD8FD3A526AF0F8D0005D84D /* Constant.swift */ = {isa = PBXFileReference; lastKnownFileType = sourcecode.swift; path = Constant.swift; sourceTree = "<group>"; };
		DDD3F2EB26AC3C2400FD547A /* Apple-Weather.app */ = {isa = PBXFileReference; explicitFileType = wrapper.application; includeInIndex = 0; path = "Apple-Weather.app"; sourceTree = BUILT_PRODUCTS_DIR; };
		DDD3F2EE26AC3C2400FD547A /* AppDelegate.swift */ = {isa = PBXFileReference; lastKnownFileType = sourcecode.swift; path = AppDelegate.swift; sourceTree = "<group>"; };
		DDD3F2F026AC3C2400FD547A /* SceneDelegate.swift */ = {isa = PBXFileReference; lastKnownFileType = sourcecode.swift; path = SceneDelegate.swift; sourceTree = "<group>"; };
		DDD3F2F226AC3C2400FD547A /* MainPageViewController.swift */ = {isa = PBXFileReference; lastKnownFileType = sourcecode.swift; path = MainPageViewController.swift; sourceTree = "<group>"; };
		DDD3F2F526AC3C2400FD547A /* Base */ = {isa = PBXFileReference; lastKnownFileType = file.storyboard; name = Base; path = Base.lproj/Main.storyboard; sourceTree = "<group>"; };
		DDD3F2F726AC3C2500FD547A /* Assets.xcassets */ = {isa = PBXFileReference; lastKnownFileType = folder.assetcatalog; path = Assets.xcassets; sourceTree = "<group>"; };
		DDD3F2FA26AC3C2500FD547A /* Base */ = {isa = PBXFileReference; lastKnownFileType = file.storyboard; name = Base; path = Base.lproj/LaunchScreen.storyboard; sourceTree = "<group>"; };
		DDD3F2FC26AC3C2500FD547A /* Info.plist */ = {isa = PBXFileReference; lastKnownFileType = text.plist.xml; path = Info.plist; sourceTree = "<group>"; };
/* End PBXFileReference section */

/* Begin PBXFrameworksBuildPhase section */
		DDD3F2E826AC3C2400FD547A /* Frameworks */ = {
			isa = PBXFrameworksBuildPhase;
			buildActionMask = 2147483647;
			files = (
				1B36BA7A0422EDA31C237DE9 /* Pods_Apple_Weather.framework in Frameworks */,
			);
			runOnlyForDeploymentPostprocessing = 0;
		};
/* End PBXFrameworksBuildPhase section */

/* Begin PBXGroup section */
		B0A584B3C735C9DBC42A472C /* Frameworks */ = {
			isa = PBXGroup;
			children = (
				A1E1FF9BB0AB0619AC55DA3A /* Pods_Apple_Weather.framework */,
			);
			name = Frameworks;
			sourceTree = "<group>";
		};
		DD65D01F26B12913008BEF79 /* Footers */ = {
			isa = PBXGroup;
			children = (
				DD65D02026B1292A008BEF79 /* WeekWeatherFooterView.swift */,
				DD56E5CF26B28C0E00D9F0A2 /* WeatherDetailFooterView.swift */,
			);
			path = Footers;
			sourceTree = "<group>";
		};
		DD81571826AFA79B000691B1 /* Cells */ = {
			isa = PBXGroup;
			children = (
				DD81571626AFA796000691B1 /* TemperatureTableViewCell.swift */,
				DD873C3126B05A07003857A0 /* DailyWeatherCollectionViewCell.swift */,
				DD65D01B26B12133008BEF79 /* WeekTableViewCell.swift */,
				DD65D01D26B12223008BEF79 /* WeekWeatherTableviewCell.swift */,
				DD56E5CD26B2839800D9F0A2 /* WeatherDetailTableViewCell.swift */,
			);
			path = Cells;
			sourceTree = "<group>";
		};
		DD8FD39C26AF0C4C0005D84D /* HeaderViews */ = {
			isa = PBXGroup;
			children = (
				DD8FD39D26AF0CBB0005D84D /* DailyWeatherHeaderView.swift */,
				DD81571926AFAE28000691B1 /* LocationView.swift */,
				DD8E69D126B300760087D736 /* TemperatureView.swift */,
			);
			path = HeaderViews;
			sourceTree = "<group>";
		};
		DD8FD39F26AF0D9E0005D84D /* Extensions */ = {
			isa = PBXGroup;
			children = (
				DD8FD3A026AF0DD50005D84D /* UIView+Extension.swift */,
				DD8FD3A226AF0DFC0005D84D /* UIStackView+Extension.swift */,
			);
			path = Extensions;
			sourceTree = "<group>";
		};
		DD8FD3A426AF0F650005D84D /* Constants */ = {
			isa = PBXGroup;
			children = (
				DD8FD3A526AF0F8D0005D84D /* Constant.swift */,
			);
			path = Constants;
			sourceTree = "<group>";
		};
		DDD3F2E226AC3C2400FD547A = {
			isa = PBXGroup;
			children = (
				DD71B26B26AD31870025F6BA /* .swiftlint.yml */,
				DDD3F2ED26AC3C2400FD547A /* Apple-Weather */,
				DDD3F2EC26AC3C2400FD547A /* Products */,
				E56F29425A93FF4C3BDFFF55 /* Pods */,
				B0A584B3C735C9DBC42A472C /* Frameworks */,
			);
			sourceTree = "<group>";
		};
		DDD3F2EC26AC3C2400FD547A /* Products */ = {
			isa = PBXGroup;
			children = (
				DDD3F2EB26AC3C2400FD547A /* Apple-Weather.app */,
			);
			name = Products;
			sourceTree = "<group>";
		};
		DDD3F2ED26AC3C2400FD547A /* Apple-Weather */ = {
			isa = PBXGroup;
			children = (
				DDD3F30526AC3C9300FD547A /* Resources */,
				DDD3F30426AC3C8C00FD547A /* Sources */,
			);
			path = "Apple-Weather";
			sourceTree = "<group>";
		};
		DDD3F30426AC3C8C00FD547A /* Sources */ = {
			isa = PBXGroup;
			children = (
				DD65D01F26B12913008BEF79 /* Footers */,
				DD81571826AFA79B000691B1 /* Cells */,
				DD8FD39F26AF0D9E0005D84D /* Extensions */,
				DD8FD39C26AF0C4C0005D84D /* HeaderViews */,
				DDD3F30826AC3CF200FD547A /* ViewControllers */,
				DDD3F2EE26AC3C2400FD547A /* AppDelegate.swift */,
				DDD3F2F026AC3C2400FD547A /* SceneDelegate.swift */,
			);
			path = Sources;
			sourceTree = "<group>";
		};
		DDD3F30526AC3C9300FD547A /* Resources */ = {
			isa = PBXGroup;
			children = (
				DD8FD3A426AF0F650005D84D /* Constants */,
				DDD3F30726AC3CDB00FD547A /* Storyboards */,
				DDD3F2F726AC3C2500FD547A /* Assets.xcassets */,
				DDD3F2FC26AC3C2500FD547A /* Info.plist */,
			);
			path = Resources;
			sourceTree = "<group>";
		};
		DDD3F30726AC3CDB00FD547A /* Storyboards */ = {
			isa = PBXGroup;
			children = (
				DDD3F2F426AC3C2400FD547A /* Main.storyboard */,
				DDD3F2F926AC3C2500FD547A /* LaunchScreen.storyboard */,
			);
			path = Storyboards;
			sourceTree = "<group>";
		};
		DDD3F30826AC3CF200FD547A /* ViewControllers */ = {
			isa = PBXGroup;
			children = (
				DDD3F2F226AC3C2400FD547A /* MainPageViewController.swift */,
				DD71B26E26AD3A770025F6BA /* MainViewController.swift */,
			);
			path = ViewControllers;
			sourceTree = "<group>";
		};
		E56F29425A93FF4C3BDFFF55 /* Pods */ = {
			isa = PBXGroup;
			children = (
				712DC363CDEAC039A503B888 /* Pods-Apple-Weather.debug.xcconfig */,
				1FA7461C9B7639AE3E2C2BB9 /* Pods-Apple-Weather.release.xcconfig */,
			);
			path = Pods;
			sourceTree = "<group>";
		};
/* End PBXGroup section */

/* Begin PBXNativeTarget section */
		DDD3F2EA26AC3C2400FD547A /* Apple-Weather */ = {
			isa = PBXNativeTarget;
			buildConfigurationList = DDD3F2FF26AC3C2500FD547A /* Build configuration list for PBXNativeTarget "Apple-Weather" */;
			buildPhases = (
				992D2E010F0046763FB4E01A /* [CP] Check Pods Manifest.lock */,
				DDD3F2E726AC3C2400FD547A /* Sources */,
				DDD3F2E826AC3C2400FD547A /* Frameworks */,
				DDD3F2E926AC3C2400FD547A /* Resources */,
				06ED733A393E99746A39C2BD /* [CP] Embed Pods Frameworks */,
				DD71B26D26AD339C0025F6BA /* ShellScript */,
			);
			buildRules = (
			);
			dependencies = (
			);
			name = "Apple-Weather";
			productName = "Apple-Weather";
			productReference = DDD3F2EB26AC3C2400FD547A /* Apple-Weather.app */;
			productType = "com.apple.product-type.application";
		};
/* End PBXNativeTarget section */

/* Begin PBXProject section */
		DDD3F2E326AC3C2400FD547A /* Project object */ = {
			isa = PBXProject;
			attributes = {
				LastSwiftUpdateCheck = 1250;
				LastUpgradeCheck = 1250;
				TargetAttributes = {
					DDD3F2EA26AC3C2400FD547A = {
						CreatedOnToolsVersion = 12.5.1;
					};
				};
			};
			buildConfigurationList = DDD3F2E626AC3C2400FD547A /* Build configuration list for PBXProject "Apple-Weather" */;
			compatibilityVersion = "Xcode 9.3";
			developmentRegion = en;
			hasScannedForEncodings = 0;
			knownRegions = (
				en,
				Base,
			);
			mainGroup = DDD3F2E226AC3C2400FD547A;
			productRefGroup = DDD3F2EC26AC3C2400FD547A /* Products */;
			projectDirPath = "";
			projectRoot = "";
			targets = (
				DDD3F2EA26AC3C2400FD547A /* Apple-Weather */,
			);
		};
/* End PBXProject section */

/* Begin PBXResourcesBuildPhase section */
		DDD3F2E926AC3C2400FD547A /* Resources */ = {
			isa = PBXResourcesBuildPhase;
			buildActionMask = 2147483647;
			files = (
				DD71B26C26AD31870025F6BA /* .swiftlint.yml in Resources */,
				DDD3F2FB26AC3C2500FD547A /* LaunchScreen.storyboard in Resources */,
				DDD3F2F826AC3C2500FD547A /* Assets.xcassets in Resources */,
				DDD3F2F626AC3C2400FD547A /* Main.storyboard in Resources */,
			);
			runOnlyForDeploymentPostprocessing = 0;
		};
/* End PBXResourcesBuildPhase section */

/* Begin PBXShellScriptBuildPhase section */
		06ED733A393E99746A39C2BD /* [CP] Embed Pods Frameworks */ = {
			isa = PBXShellScriptBuildPhase;
			buildActionMask = 2147483647;
			files = (
			);
			inputFileListPaths = (
				"${PODS_ROOT}/Target Support Files/Pods-Apple-Weather/Pods-Apple-Weather-frameworks-${CONFIGURATION}-input-files.xcfilelist",
			);
			name = "[CP] Embed Pods Frameworks";
			outputFileListPaths = (
				"${PODS_ROOT}/Target Support Files/Pods-Apple-Weather/Pods-Apple-Weather-frameworks-${CONFIGURATION}-output-files.xcfilelist",
			);
			runOnlyForDeploymentPostprocessing = 0;
			shellPath = /bin/sh;
			shellScript = "\"${PODS_ROOT}/Target Support Files/Pods-Apple-Weather/Pods-Apple-Weather-frameworks.sh\"\n";
			showEnvVarsInLog = 0;
		};
		992D2E010F0046763FB4E01A /* [CP] Check Pods Manifest.lock */ = {
			isa = PBXShellScriptBuildPhase;
			buildActionMask = 2147483647;
			files = (
			);
			inputFileListPaths = (
			);
			inputPaths = (
				"${PODS_PODFILE_DIR_PATH}/Podfile.lock",
				"${PODS_ROOT}/Manifest.lock",
			);
			name = "[CP] Check Pods Manifest.lock";
			outputFileListPaths = (
			);
			outputPaths = (
				"$(DERIVED_FILE_DIR)/Pods-Apple-Weather-checkManifestLockResult.txt",
			);
			runOnlyForDeploymentPostprocessing = 0;
			shellPath = /bin/sh;
			shellScript = "diff \"${PODS_PODFILE_DIR_PATH}/Podfile.lock\" \"${PODS_ROOT}/Manifest.lock\" > /dev/null\nif [ $? != 0 ] ; then\n    # print error to STDERR\n    echo \"error: The sandbox is not in sync with the Podfile.lock. Run 'pod install' or update your CocoaPods installation.\" >&2\n    exit 1\nfi\n# This output is used by Xcode 'outputs' to avoid re-running this script phase.\necho \"SUCCESS\" > \"${SCRIPT_OUTPUT_FILE_0}\"\n";
			showEnvVarsInLog = 0;
		};
		DD71B26D26AD339C0025F6BA /* ShellScript */ = {
			isa = PBXShellScriptBuildPhase;
			buildActionMask = 2147483647;
			files = (
			);
			inputFileListPaths = (
			);
			inputPaths = (
			);
			outputFileListPaths = (
			);
			outputPaths = (
			);
			runOnlyForDeploymentPostprocessing = 0;
			shellPath = /bin/sh;
			shellScript = "${PODS_ROOT}/SwiftLint/swiftlint\n";
		};
/* End PBXShellScriptBuildPhase section */

/* Begin PBXSourcesBuildPhase section */
		DDD3F2E726AC3C2400FD547A /* Sources */ = {
			isa = PBXSourcesBuildPhase;
			buildActionMask = 2147483647;
			files = (
				DD8FD3A126AF0DD50005D84D /* UIView+Extension.swift in Sources */,
				DD8FD3A326AF0DFC0005D84D /* UIStackView+Extension.swift in Sources */,
				DDD3F2F326AC3C2400FD547A /* MainPageViewController.swift in Sources */,
				DD65D01E26B12223008BEF79 /* WeekWeatherTableviewCell.swift in Sources */,
				DD8FD3A626AF0F8D0005D84D /* Constant.swift in Sources */,
				DD8E69D226B300760087D736 /* TemperatureView.swift in Sources */,
				DD56E5D026B28C0E00D9F0A2 /* WeatherDetailFooterView.swift in Sources */,
				DD65D01C26B12133008BEF79 /* WeekTableViewCell.swift in Sources */,
				DD56E5CE26B2839800D9F0A2 /* WeatherDetailTableViewCell.swift in Sources */,
				DD81571A26AFAE28000691B1 /* LocationView.swift in Sources */,
				DD81571726AFA796000691B1 /* TemperatureTableViewCell.swift in Sources */,
				DD65D02126B1292A008BEF79 /* WeekWeatherFooterView.swift in Sources */,
				DDD3F2EF26AC3C2400FD547A /* AppDelegate.swift in Sources */,
				DDD3F2F126AC3C2400FD547A /* SceneDelegate.swift in Sources */,
				DD71B26F26AD3A770025F6BA /* MainViewController.swift in Sources */,
				DD8FD39E26AF0CBB0005D84D /* DailyWeatherHeaderView.swift in Sources */,
				DD873C3226B05A07003857A0 /* DailyWeatherCollectionViewCell.swift in Sources */,
			);
			runOnlyForDeploymentPostprocessing = 0;
		};
/* End PBXSourcesBuildPhase section */

/* Begin PBXVariantGroup section */
		DDD3F2F426AC3C2400FD547A /* Main.storyboard */ = {
			isa = PBXVariantGroup;
			children = (
				DDD3F2F526AC3C2400FD547A /* Base */,
			);
			name = Main.storyboard;
			sourceTree = "<group>";
		};
		DDD3F2F926AC3C2500FD547A /* LaunchScreen.storyboard */ = {
			isa = PBXVariantGroup;
			children = (
				DDD3F2FA26AC3C2500FD547A /* Base */,
			);
			name = LaunchScreen.storyboard;
			sourceTree = "<group>";
		};
/* End PBXVariantGroup section */

/* Begin XCBuildConfiguration section */
		DDD3F2FD26AC3C2500FD547A /* Debug */ = {
			isa = XCBuildConfiguration;
			buildSettings = {
				ALWAYS_SEARCH_USER_PATHS = NO;
				CLANG_ANALYZER_NONNULL = YES;
				CLANG_ANALYZER_NUMBER_OBJECT_CONVERSION = YES_AGGRESSIVE;
				CLANG_CXX_LANGUAGE_STANDARD = "gnu++14";
				CLANG_CXX_LIBRARY = "libc++";
				CLANG_ENABLE_MODULES = YES;
				CLANG_ENABLE_OBJC_ARC = YES;
				CLANG_ENABLE_OBJC_WEAK = YES;
				CLANG_WARN_BLOCK_CAPTURE_AUTORELEASING = YES;
				CLANG_WARN_BOOL_CONVERSION = YES;
				CLANG_WARN_COMMA = YES;
				CLANG_WARN_CONSTANT_CONVERSION = YES;
				CLANG_WARN_DEPRECATED_OBJC_IMPLEMENTATIONS = YES;
				CLANG_WARN_DIRECT_OBJC_ISA_USAGE = YES_ERROR;
				CLANG_WARN_DOCUMENTATION_COMMENTS = YES;
				CLANG_WARN_EMPTY_BODY = YES;
				CLANG_WARN_ENUM_CONVERSION = YES;
				CLANG_WARN_INFINITE_RECURSION = YES;
				CLANG_WARN_INT_CONVERSION = YES;
				CLANG_WARN_NON_LITERAL_NULL_CONVERSION = YES;
				CLANG_WARN_OBJC_IMPLICIT_RETAIN_SELF = YES;
				CLANG_WARN_OBJC_LITERAL_CONVERSION = YES;
				CLANG_WARN_OBJC_ROOT_CLASS = YES_ERROR;
				CLANG_WARN_QUOTED_INCLUDE_IN_FRAMEWORK_HEADER = YES;
				CLANG_WARN_RANGE_LOOP_ANALYSIS = YES;
				CLANG_WARN_STRICT_PROTOTYPES = YES;
				CLANG_WARN_SUSPICIOUS_MOVE = YES;
				CLANG_WARN_UNGUARDED_AVAILABILITY = YES_AGGRESSIVE;
				CLANG_WARN_UNREACHABLE_CODE = YES;
				CLANG_WARN__DUPLICATE_METHOD_MATCH = YES;
				COPY_PHASE_STRIP = NO;
				DEBUG_INFORMATION_FORMAT = dwarf;
				ENABLE_STRICT_OBJC_MSGSEND = YES;
				ENABLE_TESTABILITY = YES;
				GCC_C_LANGUAGE_STANDARD = gnu11;
				GCC_DYNAMIC_NO_PIC = NO;
				GCC_NO_COMMON_BLOCKS = YES;
				GCC_OPTIMIZATION_LEVEL = 0;
				GCC_PREPROCESSOR_DEFINITIONS = (
					"DEBUG=1",
					"$(inherited)",
				);
				GCC_WARN_64_TO_32_BIT_CONVERSION = YES;
				GCC_WARN_ABOUT_RETURN_TYPE = YES_ERROR;
				GCC_WARN_UNDECLARED_SELECTOR = YES;
				GCC_WARN_UNINITIALIZED_AUTOS = YES_AGGRESSIVE;
				GCC_WARN_UNUSED_FUNCTION = YES;
				GCC_WARN_UNUSED_VARIABLE = YES;
				IPHONEOS_DEPLOYMENT_TARGET = 14.5;
				MTL_ENABLE_DEBUG_INFO = INCLUDE_SOURCE;
				MTL_FAST_MATH = YES;
				ONLY_ACTIVE_ARCH = YES;
				SDKROOT = iphoneos;
				SWIFT_ACTIVE_COMPILATION_CONDITIONS = DEBUG;
				SWIFT_OPTIMIZATION_LEVEL = "-Onone";
			};
			name = Debug;
		};
		DDD3F2FE26AC3C2500FD547A /* Release */ = {
			isa = XCBuildConfiguration;
			buildSettings = {
				ALWAYS_SEARCH_USER_PATHS = NO;
				CLANG_ANALYZER_NONNULL = YES;
				CLANG_ANALYZER_NUMBER_OBJECT_CONVERSION = YES_AGGRESSIVE;
				CLANG_CXX_LANGUAGE_STANDARD = "gnu++14";
				CLANG_CXX_LIBRARY = "libc++";
				CLANG_ENABLE_MODULES = YES;
				CLANG_ENABLE_OBJC_ARC = YES;
				CLANG_ENABLE_OBJC_WEAK = YES;
				CLANG_WARN_BLOCK_CAPTURE_AUTORELEASING = YES;
				CLANG_WARN_BOOL_CONVERSION = YES;
				CLANG_WARN_COMMA = YES;
				CLANG_WARN_CONSTANT_CONVERSION = YES;
				CLANG_WARN_DEPRECATED_OBJC_IMPLEMENTATIONS = YES;
				CLANG_WARN_DIRECT_OBJC_ISA_USAGE = YES_ERROR;
				CLANG_WARN_DOCUMENTATION_COMMENTS = YES;
				CLANG_WARN_EMPTY_BODY = YES;
				CLANG_WARN_ENUM_CONVERSION = YES;
				CLANG_WARN_INFINITE_RECURSION = YES;
				CLANG_WARN_INT_CONVERSION = YES;
				CLANG_WARN_NON_LITERAL_NULL_CONVERSION = YES;
				CLANG_WARN_OBJC_IMPLICIT_RETAIN_SELF = YES;
				CLANG_WARN_OBJC_LITERAL_CONVERSION = YES;
				CLANG_WARN_OBJC_ROOT_CLASS = YES_ERROR;
				CLANG_WARN_QUOTED_INCLUDE_IN_FRAMEWORK_HEADER = YES;
				CLANG_WARN_RANGE_LOOP_ANALYSIS = YES;
				CLANG_WARN_STRICT_PROTOTYPES = YES;
				CLANG_WARN_SUSPICIOUS_MOVE = YES;
				CLANG_WARN_UNGUARDED_AVAILABILITY = YES_AGGRESSIVE;
				CLANG_WARN_UNREACHABLE_CODE = YES;
				CLANG_WARN__DUPLICATE_METHOD_MATCH = YES;
				COPY_PHASE_STRIP = NO;
				DEBUG_INFORMATION_FORMAT = "dwarf-with-dsym";
				ENABLE_NS_ASSERTIONS = NO;
				ENABLE_STRICT_OBJC_MSGSEND = YES;
				GCC_C_LANGUAGE_STANDARD = gnu11;
				GCC_NO_COMMON_BLOCKS = YES;
				GCC_WARN_64_TO_32_BIT_CONVERSION = YES;
				GCC_WARN_ABOUT_RETURN_TYPE = YES_ERROR;
				GCC_WARN_UNDECLARED_SELECTOR = YES;
				GCC_WARN_UNINITIALIZED_AUTOS = YES_AGGRESSIVE;
				GCC_WARN_UNUSED_FUNCTION = YES;
				GCC_WARN_UNUSED_VARIABLE = YES;
				IPHONEOS_DEPLOYMENT_TARGET = 14.5;
				MTL_ENABLE_DEBUG_INFO = NO;
				MTL_FAST_MATH = YES;
				SDKROOT = iphoneos;
				SWIFT_COMPILATION_MODE = wholemodule;
				SWIFT_OPTIMIZATION_LEVEL = "-O";
				VALIDATE_PRODUCT = YES;
			};
			name = Release;
		};
		DDD3F30026AC3C2500FD547A /* Debug */ = {
			isa = XCBuildConfiguration;
			baseConfigurationReference = 712DC363CDEAC039A503B888 /* Pods-Apple-Weather.debug.xcconfig */;
			buildSettings = {
				ASSETCATALOG_COMPILER_APPICON_NAME = AppIcon;
				ASSETCATALOG_COMPILER_GLOBAL_ACCENT_COLOR_NAME = AccentColor;
				CODE_SIGN_STYLE = Automatic;
				INFOPLIST_FILE = "Apple-Weather/Resources/Info.plist";
				LD_RUNPATH_SEARCH_PATHS = (
					"$(inherited)",
					"@executable_path/Frameworks",
				);
				PRODUCT_BUNDLE_IDENTIFIER = "com.ezidayzi.Apple-Weather";
				PRODUCT_NAME = "$(TARGET_NAME)";
				SWIFT_VERSION = 5.0;
				TARGETED_DEVICE_FAMILY = "1,2";
			};
			name = Debug;
		};
		DDD3F30126AC3C2500FD547A /* Release */ = {
			isa = XCBuildConfiguration;
			baseConfigurationReference = 1FA7461C9B7639AE3E2C2BB9 /* Pods-Apple-Weather.release.xcconfig */;
			buildSettings = {
				ASSETCATALOG_COMPILER_APPICON_NAME = AppIcon;
				ASSETCATALOG_COMPILER_GLOBAL_ACCENT_COLOR_NAME = AccentColor;
				CODE_SIGN_STYLE = Automatic;
				INFOPLIST_FILE = "Apple-Weather/Resources/Info.plist";
				LD_RUNPATH_SEARCH_PATHS = (
					"$(inherited)",
					"@executable_path/Frameworks",
				);
				PRODUCT_BUNDLE_IDENTIFIER = "com.ezidayzi.Apple-Weather";
				PRODUCT_NAME = "$(TARGET_NAME)";
				SWIFT_VERSION = 5.0;
				TARGETED_DEVICE_FAMILY = "1,2";
			};
			name = Release;
		};
/* End XCBuildConfiguration section */

/* Begin XCConfigurationList section */
		DDD3F2E626AC3C2400FD547A /* Build configuration list for PBXProject "Apple-Weather" */ = {
			isa = XCConfigurationList;
			buildConfigurations = (
				DDD3F2FD26AC3C2500FD547A /* Debug */,
				DDD3F2FE26AC3C2500FD547A /* Release */,
			);
			defaultConfigurationIsVisible = 0;
			defaultConfigurationName = Release;
		};
		DDD3F2FF26AC3C2500FD547A /* Build configuration list for PBXNativeTarget "Apple-Weather" */ = {
			isa = XCConfigurationList;
			buildConfigurations = (
				DDD3F30026AC3C2500FD547A /* Debug */,
				DDD3F30126AC3C2500FD547A /* Release */,
			);
			defaultConfigurationIsVisible = 0;
			defaultConfigurationName = Release;
		};
/* End XCConfigurationList section */
	};
	rootObject = DDD3F2E326AC3C2400FD547A /* Project object */;
}
